uuid: 774d3809-c35d-43b2-8198-3c378595f831
langcode: en
status: true
dependencies:
  module:
    - all_games
    - node
  theme:
    - football_theme
id: teamtimelineblock
theme: football_theme
region: content
weight: 0
provider: null
plugin: team_timeline_block
settings:
  id: team_timeline_block
  label: Timeline
  label_display: visible
  provider: all_games
  context_mapping:
    node: '@node.node_route_context:node'
visibility:
  'entity_bundle:node':
    id: 'entity_bundle:node'
    negate: false
    context_mapping:
      node: '@node.node_route_context:node'
    bundles:
      team: team
